
Microsoft Visual Studio Solution File, Format Version 12.00
# Visual Studio Version 17
VisualStudioVersion = 17.0.32126.317
MinimumVisualStudioVersion = 10.0.40219.1
Project("{9A19103F-16F7-4668-BE54-9A1E7A4F7556}") = "IdentityServerApp", "IDServerAppMaze\IdentityServerApp.csproj", "{46869252-FAA7-4C65-9EE9-9EB308EEDB03}"
EndProject
Project("{9A19103F-16F7-4668-BE54-9A1E7A4F7556}") = "IDServerApp.WebApi", "IDServerAppMaze.WebApi\IDServerApp.WebApi.csproj", "{9FB7FEBF-8BC8-49E6-8CDF-E4C7AF6DA38E}"
EndProject
Global
	GlobalSection(SolutionConfigurationPlatforms) = preSolution
		Debug|Any CPU = Debug|Any CPU
		Release|Any CPU = Release|Any CPU
	EndGlobalSection
	GlobalSection(ProjectConfigurationPlatforms) = postSolution
		{46869252-FAA7-4C65-9EE9-9EB308EEDB03}.Debug|Any CPU.ActiveCfg = Debug|Any CPU
		{46869252-FAA7-4C65-9EE9-9EB308EEDB03}.Debug|Any CPU.Build.0 = Debug|Any CPU
		{46869252-FAA7-4C65-9EE9-9EB308EEDB03}.Release|Any CPU.ActiveCfg = Release|Any CPU
		{46869252-FAA7-4C65-9EE9-9EB308EEDB03}.Release|Any CPU.Build.0 = Release|Any CPU
		{9FB7FEBF-8BC8-49E6-8CDF-E4C7AF6DA38E}.Debug|Any CPU.ActiveCfg = Debug|Any CPU
		{9FB7FEBF-8BC8-49E6-8CDF-E4C7AF6DA38E}.Debug|Any CPU.Build.0 = Debug|Any CPU
		{9FB7FEBF-8BC8-49E6-8CDF-E4C7AF6DA38E}.Release|Any CPU.ActiveCfg = Release|Any CPU
		{9FB7FEBF-8BC8-49E6-8CDF-E4C7AF6DA38E}.Release|Any CPU.Build.0 = Release|Any CPU
	EndGlobalSection
	GlobalSection(SolutionProperties) = preSolution
		HideSolutionNode = FALSE
	EndGlobalSection
	GlobalSection(ExtensibilityGlobals) = postSolution
		SolutionGuid = {7C0A194C-9AF3-4985-BAAD-83B23A0386D8}
	EndGlobalSection
EndGlobal
